
Microsoft Visual Studio Solution File, Format Version 12.00
# Visual Studio Version 17
VisualStudioVersion = 17.4.33213.308
MinimumVisualStudioVersion = 10.0.40219.1
Project("{FAE04EC0-301F-11D3-BF4B-00C04F79EFBC}") = "MyNotesApplication", "MyNotesApplication\MyNotesApplication.csproj", "{A6E8219C-20B9-4252-A96F-5B9D7EA9D374}"
EndProject
Global
	GlobalSection(SolutionConfigurationPlatforms) = preSolution
		Debug|Any CPU = Debug|Any CPU
		Release|Any CPU = Release|Any CPU
	EndGlobalSection
	GlobalSection(ProjectConfigurationPlatforms) = postSolution
		{A6E8219C-20B9-4252-A96F-5B9D7EA9D374}.Debug|Any CPU.ActiveCfg = Debug|Any CPU
		{A6E8219C-20B9-4252-A96F-5B9D7EA9D374}.Debug|Any CPU.Build.0 = Debug|Any CPU
		{A6E8219C-20B9-4252-A96F-5B9D7EA9D374}.Release|Any CPU.ActiveCfg = Release|Any CPU
		{A6E8219C-20B9-4252-A96F-5B9D7EA9D374}.Release|Any CPU.Build.0 = Release|Any CPU
	EndGlobalSection
	GlobalSection(SolutionProperties) = preSolution
		HideSolutionNode = FALSE
	EndGlobalSection
	GlobalSection(ExtensibilityGlobals) = postSolution
		SolutionGuid = {E66C06B9-C742-45DE-B4BF-5F37E01A6AEE}
	EndGlobalSection
EndGlobal
